
Microsoft Visual Studio Solution File, Format Version 12.00
# Visual Studio Version 17
VisualStudioVersion = 17.10.35122.118
MinimumVisualStudioVersion = 10.0.40219.1
Project("{FAE04EC0-301F-11D3-BF4B-00C04F79EFBC}") = "Healthcare System", "Healthcare System.csproj", "{CC6558E4-8DDE-4E4E-A6BB-80AA0359BEF9}"
EndProject
Global
	GlobalSection(SolutionConfigurationPlatforms) = preSolution
		Debug|Any CPU = Debug|Any CPU
		Release|Any CPU = Release|Any CPU
	EndGlobalSection
	GlobalSection(ProjectConfigurationPlatforms) = postSolution
		{CC6558E4-8DDE-4E4E-A6BB-80AA0359BEF9}.Debug|Any CPU.ActiveCfg = Debug|Any CPU
		{CC6558E4-8DDE-4E4E-A6BB-80AA0359BEF9}.Debug|Any CPU.Build.0 = Debug|Any CPU
		{CC6558E4-8DDE-4E4E-A6BB-80AA0359BEF9}.Release|Any CPU.ActiveCfg = Release|Any CPU
		{CC6558E4-8DDE-4E4E-A6BB-80AA0359BEF9}.Release|Any CPU.Build.0 = Release|Any CPU
	EndGlobalSection
	GlobalSection(SolutionProperties) = preSolution
		HideSolutionNode = FALSE
	EndGlobalSection
	GlobalSection(ExtensibilityGlobals) = postSolution
		SolutionGuid = {5F0DF9B5-3FAD-4AB9-812B-708A4F2CE525}
	EndGlobalSection
EndGlobal
